# This file is @generated by PDM.
# It is not intended for manual editing.

[metadata]
groups = ["default", "dev"]
strategy = []
lock_version = "4.5.0"
content_hash = "sha256:7dd357a5a40e474e7cc2de294936587e37140fdc0cf40168a874cba01b4568a6"

[[metadata.targets]]
requires_python = ">=3.13"

[[package]]
name = "biopython"
version = "1.86"
summary = ""
dependencies = [
    "numpy",
]
files = [
    {file = "biopython-1.86-cp313-cp313-macosx_10_13_x86_64.whl", hash = "sha256:fb3a11a98e49428720dca227e2a5bdd57c973ee7c4df3cf6734c0aa13fd134c7"},
    {file = "biopython-1.86-cp313-cp313-macosx_11_0_arm64.whl", hash = "sha256:e161f3d3b6e65fbfd1ce22a01c3e9fa9da789adde4972fd0cc2370795ea5357b"},
    {file = "biopython-1.86-cp313-cp313-manylinux2014_aarch64.manylinux_2_17_aarch64.manylinux_2_28_aarch64.whl", hash = "sha256:5aa8c9e92ee6fe59dfe0d2c2daf9a9eec6b812c78328caad038f79163c500218"},
    {file = "biopython-1.86-cp313-cp313-manylinux2014_x86_64.manylinux_2_17_x86_64.manylinux_2_28_x86_64.whl", hash = "sha256:593ec6a2a4fedec08ddcee1a8a0e0b0ed56835b2714904b352ec4a93d5b9d973"},
    {file = "biopython-1.86-cp313-cp313-manylinux_2_17_aarch64.manylinux2014_aarch64.whl", hash = "sha256:dd2f9ebf9b14d67ca92f48779c4f0ba404c35dba3e8b9d6c34d1a3591c3b746d"},
    {file = "biopython-1.86-cp313-cp313-manylinux_2_17_x86_64.manylinux2014_x86_64.whl", hash = "sha256:137fe9aafd93baa5127d17534b473f6646f92a883f52b34f7c306b800ac50038"},
    {file = "biopython-1.86-cp313-cp313-manylinux_2_5_i686.manylinux1_i686.manylinux_2_17_i686.manylinux2014_i686.whl", hash = "sha256:e784dc8382430c9893aa084ca18fe8a8815b5811f1c324492ef3f4b54e664fff"},
    {file = "biopython-1.86-cp313-cp313-win32.whl", hash = "sha256:5329a777ba90ea624447173046e77c4df2862acc46eea4e94fe2211fe041750f"},
    {file = "biopython-1.86-cp313-cp313-win_amd64.whl", hash = "sha256:f6f2f1dc75423b15d8a22b8eceae32785736612b6740688526401b8c2d821270"},
    {file = "biopython-1.86-cp314-cp314-macosx_10_15_x86_64.whl", hash = "sha256:236ca61aa996f12cbc65a8d6a15abfac70b9ee800656629b784c6a240e7d8dc0"},
    {file = "biopython-1.86-cp314-cp314-macosx_11_0_arm64.whl", hash = "sha256:f96b7441f456c7eecad5c6e61e75b0db1435c489be7cc5e4f97dd4e60921747c"},
    {file = "biopython-1.86-cp314-cp314-manylinux2014_aarch64.manylinux_2_17_aarch64.manylinux_2_28_aarch64.whl", hash = "sha256:d53a78bf960397826219f08f87b061ad7f227527d19986e830eeab60d370b597"},
    {file = "biopython-1.86-cp314-cp314-manylinux2014_x86_64.manylinux_2_17_x86_64.manylinux_2_28_x86_64.whl", hash = "sha256:bb86e4383c02fdb2571a38947153346e6f5cd38e22de1df40f54d2a3c51d02a8"},
    {file = "biopython-1.86-cp314-cp314-win32.whl", hash = "sha256:ffeba620c4786ea836efee235a9c6333b94e922b89de1449a4782dcc15246ff1"},
    {file = "biopython-1.86-cp314-cp314-win_amd64.whl", hash = "sha256:efbb9bc4415a1e2c1c986ba261b02857bc0c9eed098b15493f1cc5c4a1e02409"},
    {file = "biopython-1.86-cp314-cp314t-macosx_10_15_x86_64.whl", hash = "sha256:caa70c1639b3306549605f9273753bdbf8cd6d6d352cecf23afbda3c911694f3"},
    {file = "biopython-1.86-cp314-cp314t-macosx_11_0_arm64.whl", hash = "sha256:d077f01d1f69f77a26cac46163d4ea45eb4e6509a68feb7f15e665b7e1de0a99"},
    {file = "biopython-1.86-cp314-cp314t-manylinux2014_aarch64.manylinux_2_17_aarch64.manylinux_2_28_aarch64.whl", hash = "sha256:4506ce7dbdf885cb24d1f5439362c3c07f1b6f90761a0d20fe16a2a9ea5702a5"},
    {file = "biopython-1.86-cp314-cp314t-manylinux2014_x86_64.manylinux_2_17_x86_64.manylinux_2_28_x86_64.whl", hash = "sha256:dcd94717e83ba891ebd9acaecbf05ad38313095ca5706caf6c38fa3f2aa17528"},
    {file = "biopython-1.86-cp314-cp314t-win32.whl", hash = "sha256:2f6b205dcb4101cefa5c615114bd35a19f656abb9d340eb3cf190f829e43800a"},
    {file = "biopython-1.86-cp314-cp314t-win_amd64.whl", hash = "sha256:efeee7c37f2331d2c55704df39e122189cc237ffd7511f34158418ad728131b8"},
    {file = "biopython-1.86.tar.gz", hash = "sha256:93a50b586a4d2cec68ab2f99d03ef583c5761d8fba5535cb8e81da781d0d92ff"},
]

[[package]]
name = "build"
version = "1.4.2"
summary = ""
dependencies = [
    "colorama; os_name == \"nt\"",
    "packaging",
    "pyproject-hooks",
]
files = [
    {file = "build-1.4.2-py3-none-any.whl", hash = "sha256:7a4d8651ea877cb2a89458b1b198f2e69f536c95e89129dbf5d448045d60db88"},
    {file = "build-1.4.2.tar.gz", hash = "sha256:35b14e1ee329c186d3f08466003521ed7685ec15ecffc07e68d706090bf161d1"},
]

[[package]]
name = "colorama"
version = "0.4.6"
summary = ""
files = [
    {file = "colorama-0.4.6-py2.py3-none-any.whl", hash = "sha256:4f1d9991f5acc0ca119f9d443620b77f9d6b33703e51011c16baf57afb285fc6"},
    {file = "colorama-0.4.6.tar.gz", hash = "sha256:08695f5cb7ed6e0531a20572697297273c47b8cae5a63ffc6d6ed5c201be6e44"},
]

[[package]]
name = "iniconfig"
version = "2.3.0"
summary = ""
files = [
    {file = "iniconfig-2.3.0-py3-none-any.whl", hash = "sha256:f631c04d2c48c52b84d0d0549c99ff3859c98df65b3101406327ecc7d53fbf12"},
    {file = "iniconfig-2.3.0.tar.gz", hash = "sha256:c76315c77db068650d49c5b56314774a7804df16fee4402c1f19d6d15d8c4730"},
]

[[package]]
name = "loguru"
version = "0.7.3"
summary = ""
dependencies = [
    "colorama; sys_platform == \"win32\"",
    "win32-setctime; sys_platform == \"win32\"",
]
files = [
    {file = "loguru-0.7.3-py3-none-any.whl", hash = "sha256:31a33c10c8e1e10422bfd431aeb5d351c7cf7fa671e3c4df004162264b28220c"},
    {file = "loguru-0.7.3.tar.gz", hash = "sha256:19480589e77d47b8d85b2c827ad95d49bf31b0dcde16593892eb51dd18706eb6"},
]

[[package]]
name = "markdown-it-py"
version = "4.0.0"
summary = ""
dependencies = [
    "mdurl",
]
files = [
    {file = "markdown_it_py-4.0.0-py3-none-any.whl", hash = "sha256:87327c59b172c5011896038353a81343b6754500a08cd7a4973bb48c6d578147"},
    {file = "markdown_it_py-4.0.0.tar.gz", hash = "sha256:cb0a2b4aa34f932c007117b194e945bd74e0ec24133ceb5bac59009cda1cb9f3"},
]

[[package]]
name = "maturin"
version = "1.12.6"
summary = ""
files = [
    {file = "maturin-1.12.6-py3-none-linux_armv6l.whl", hash = "sha256:6892b4176992fcc143f9d1c1c874a816e9a041248eef46433db87b0f0aff4278"},
    {file = "maturin-1.12.6-py3-none-macosx_10_12_x86_64.macosx_11_0_arm64.macosx_10_12_universal2.whl", hash = "sha256:c0c742beeeef7fb93b6a81bd53e75507887e396fd1003c45117658d063812dad"},
    {file = "maturin-1.12.6-py3-none-macosx_10_12_x86_64.whl", hash = "sha256:2cb41139295eed6411d3cdafc7430738094c2721f34b7eeb44f33cac516115dc"},
    {file = "maturin-1.12.6-py3-none-manylinux_2_12_i686.manylinux2010_i686.musllinux_1_1_i686.whl", hash = "sha256:351f3af1488a7cbdcff3b6d8482c17164273ac981378a13a4a9937a49aec7d71"},
    {file = "maturin-1.12.6-py3-none-manylinux_2_12_x86_64.manylinux2010_x86_64.musllinux_1_1_x86_64.whl", hash = "sha256:6dbddfe4dc7ddee60bbac854870bd7cfec660acb54d015d24597d59a1c828f61"},
    {file = "maturin-1.12.6-py3-none-manylinux_2_17_aarch64.manylinux2014_aarch64.musllinux_1_1_aarch64.whl", hash = "sha256:8fdb0f63e77ee3df0f027a120e9af78dbc31edf0eb0f263d55783c250c33b728"},
    {file = "maturin-1.12.6-py3-none-manylinux_2_17_armv7l.manylinux2014_armv7l.musllinux_1_1_armv7l.whl", hash = "sha256:fa84b7493a2e80759cacc2e668fa5b444d55b9994e90707c42904f55d6322c1e"},
    {file = "maturin-1.12.6-py3-none-manylinux_2_17_ppc64le.manylinux2014_ppc64le.musllinux_1_1_ppc64le.whl", hash = "sha256:e90dc12bc6a38e9495692a36c9e231c4d7e0c9bfde60719468ab7d8673db3c45"},
    {file = "maturin-1.12.6-py3-none-manylinux_2_17_s390x.manylinux2014_s390x.whl", hash = "sha256:06fc8d089f98623ce924c669b70911dfed30f9a29956c362945f727f9abc546b"},
    {file = "maturin-1.12.6-py3-none-manylinux_2_31_riscv64.musllinux_1_1_riscv64.whl", hash = "sha256:75133e56274d43b9227fd49dca9a86e32f1fd56a7b55544910c4ce978c2bb5aa"},
    {file = "maturin-1.12.6-py3-none-win32.whl", hash = "sha256:3f32e0a3720b81423c9d35c14e728cb1f954678124749776dc72d533ea1115e8"},
    {file = "maturin-1.12.6-py3-none-win_amd64.whl", hash = "sha256:977290159d252db946054a0555263c59b3d0c7957135c69e690f4b1558ee9983"},
    {file = "maturin-1.12.6-py3-none-win_arm64.whl", hash = "sha256:bae91976cdc8148038e13c881e1e844e5c63e58e026e8b9945aa2d19b3b4ae89"},
    {file = "maturin-1.12.6.tar.gz", hash = "sha256:d37be3a811a7f2ee28a0fa0964187efa50e90f21da0c6135c27787fa0b6a89db"},
]

[[package]]
name = "mdurl"
version = "0.1.2"
summary = ""
files = [
    {file = "mdurl-0.1.2-py3-none-any.whl", hash = "sha256:84008a41e51615a49fc9966191ff91509e3c40b939176e643fd50a5c2196b8f8"},
    {file = "mdurl-0.1.2.tar.gz", hash = "sha256:bb413d29f5eea38f31dd4754dd7377d4465116fb207585f97bf925588687c1ba"},
]

[[package]]
name = "nodeenv"
version = "1.10.0"
summary = ""
files = [
    {file = "nodeenv-1.10.0-py2.py3-none-any.whl", hash = "sha256:5bb13e3eed2923615535339b3c620e76779af4cb4c6a90deccc9e36b274d3827"},
    {file = "nodeenv-1.10.0.tar.gz", hash = "sha256:996c191ad80897d076bdfba80a41994c2b47c68e224c542b48feba42ba00f8bb"},
]

[[package]]
name = "numpy"
version = "2.4.3"
summary = ""
files = [
    {file = "numpy-2.4.3-cp313-cp313-macosx_10_13_x86_64.whl", hash = "sha256:b346845443716c8e542d54112966383b448f4a3ba5c66409771b8c0889485dd3"},
    {file = "numpy-2.4.3-cp313-cp313-macosx_11_0_arm64.whl", hash = "sha256:2629289168f4897a3c4e23dc98d6f1731f0fc0fe52fb9db19f974041e4cc12b9"},
    {file = "numpy-2.4.3-cp313-cp313-macosx_14_0_arm64.whl", hash = "sha256:bb2e3cf95854233799013779216c57e153c1ee67a0bf92138acca0e429aefaee"},
    {file = "numpy-2.4.3-cp313-cp313-macosx_14_0_x86_64.whl", hash = "sha256:7f3408ff897f8ab07a07fbe2823d7aee6ff644c097cc1f90382511fe982f647f"},
    {file = "numpy-2.4.3-cp313-cp313-manylinux_2_27_aarch64.manylinux_2_28_aarch64.whl", hash = "sha256:decb0eb8a53c3b009b0962378065589685d66b23467ef5dac16cbe818afde27f"},
    {file = "numpy-2.4.3-cp313-cp313-manylinux_2_27_x86_64.manylinux_2_28_x86_64.whl", hash = "sha256:d5f51900414fc9204a0e0da158ba2ac52b75656e7dce7e77fb9f84bfa343b4cc"},
    {file = "numpy-2.4.3-cp313-cp313-musllinux_1_2_aarch64.whl", hash = "sha256:6bd06731541f89cdc01b261ba2c9e037f1543df7472517836b78dfb15bd6e476"},
    {file = "numpy-2.4.3-cp313-cp313-musllinux_1_2_x86_64.whl", hash = "sha256:22654fe6be0e5206f553a9250762c653d3698e46686eee53b399ab90da59bd92"},
    {file = "numpy-2.4.3-cp313-cp313-win32.whl", hash = "sha256:d71e379452a2f670ccb689ec801b1218cd3983e253105d6e83780967e899d687"},
    {file = "numpy-2.4.3-cp313-cp313-win_amd64.whl", hash = "sha256:0a60e17a14d640f49146cb38e3f105f571318db7826d9b6fef7e4dce758faecd"},
    {file = "numpy-2.4.3-cp313-cp313-win_arm64.whl", hash = "sha256:c9619741e9da2059cd9c3f206110b97583c7152c1dc9f8aafd4beb450ac1c89d"},
    {file = "numpy-2.4.3-cp313-cp313t-macosx_11_0_arm64.whl", hash = "sha256:7aa4e54f6469300ebca1d9eb80acd5253cdfa36f2c03d79a35883687da430875"},
    {file = "numpy-2.4.3-cp313-cp313t-macosx_14_0_arm64.whl", hash = "sha256:d1b90d840b25874cf5cd20c219af10bac3667db3876d9a495609273ebe679070"},
    {file = "numpy-2.4.3-cp313-cp313t-macosx_14_0_x86_64.whl", hash = "sha256:a749547700de0a20a6718293396ec237bb38218049cfce788e08fcb716e8cf73"},
    {file = "numpy-2.4.3-cp313-cp313t-manylinux_2_27_aarch64.manylinux_2_28_aarch64.whl", hash = "sha256:94f3c4a151a2e529adf49c1d54f0f57ff8f9b233ee4d44af623a81553ab86368"},
    {file = "numpy-2.4.3-cp313-cp313t-manylinux_2_27_x86_64.manylinux_2_28_x86_64.whl", hash = "sha256:22c31dc07025123aedf7f2db9e91783df13f1776dc52c6b22c620870dc0fab22"},
    {file = "numpy-2.4.3-cp313-cp313t-musllinux_1_2_aarch64.whl", hash = "sha256:148d59127ac95979d6f07e4d460f934ebdd6eed641db9c0db6c73026f2b2101a"},
    {file = "numpy-2.4.3-cp313-cp313t-musllinux_1_2_x86_64.whl", hash = "sha256:a97cbf7e905c435865c2d939af3d93f99d18eaaa3cabe4256f4304fb51604349"},
    {file = "numpy-2.4.3-cp313-cp313t-win32.whl", hash = "sha256:be3b8487d725a77acccc9924f65fd8bce9af7fac8c9820df1049424a2115af6c"},
    {file = "numpy-2.4.3-cp313-cp313t-win_amd64.whl", hash = "sha256:1ec84fd7c8e652b0f4aaaf2e6e9cc8eaa9b1b80a537e06b2e3a2fb176eedcb26"},
    {file = "numpy-2.4.3-cp313-cp313t-win_arm64.whl", hash = "sha256:120df8c0a81ebbf5b9020c91439fccd85f5e018a927a39f624845be194a2be02"},
    {file = "numpy-2.4.3-cp314-cp314-macosx_10_15_x86_64.whl", hash = "sha256:5884ce5c7acfae1e4e1b6fde43797d10aa506074d25b531b4f54bde33c0c31d4"},
    {file = "numpy-2.4.3-cp314-cp314-macosx_11_0_arm64.whl", hash = "sha256:297837823f5bc572c5f9379b0c9f3a3365f08492cbdc33bcc3af174372ebb168"},
    {file = "numpy-2.4.3-cp314-cp314-macosx_14_0_arm64.whl", hash = "sha256:a111698b4a3f8dcbe54c64a7708f049355abd603e619013c346553c1fd4ca90b"},
    {file = "numpy-2.4.3-cp314-cp314-macosx_14_0_x86_64.whl", hash = "sha256:4bd4741a6a676770e0e97fe9ab2e51de01183df3dcbcec591d26d331a40de950"},
    {file = "numpy-2.4.3-cp314-cp314-manylinux_2_27_aarch64.manylinux_2_28_aarch64.whl", hash = "sha256:54f29b877279d51e210e0c80709ee14ccbbad647810e8f3d375561c45ef613dd"},
    {file = "numpy-2.4.3-cp314-cp314-manylinux_2_27_x86_64.manylinux_2_28_x86_64.whl", hash = "sha256:679f2a834bae9020f81534671c56fd0cc76dd7e5182f57131478e23d0dc59e24"},
    {file = "numpy-2.4.3-cp314-cp314-musllinux_1_2_aarch64.whl", hash = "sha256:d84f0f881cb2225c2dfd7f78a10a5645d487a496c6668d6cc39f0f114164f3d0"},
    {file = "numpy-2.4.3-cp314-cp314-musllinux_1_2_x86_64.whl", hash = "sha256:d213c7e6e8d211888cc359bab7199670a00f5b82c0978b9d1c75baf1eddbeac0"},
    {file = "numpy-2.4.3-cp314-cp314-win32.whl", hash = "sha256:52077feedeff7c76ed7c9f1a0428558e50825347b7545bbb8523da2cd55c547a"},
    {file = "numpy-2.4.3-cp314-cp314-win_amd64.whl", hash = "sha256:0448e7f9caefb34b4b7dd2b77f21e8906e5d6f0365ad525f9f4f530b13df2afc"},
    {file = "numpy-2.4.3-cp314-cp314-win_arm64.whl", hash = "sha256:b44fd60341c4d9783039598efadd03617fa28d041fc37d22b62d08f2027fa0e7"},
    {file = "numpy-2.4.3-cp314-cp314t-macosx_11_0_arm64.whl", hash = "sha256:0a195f4216be9305a73c0e91c9b026a35f2161237cf1c6de9b681637772ea657"},
    {file = "numpy-2.4.3-cp314-cp314t-macosx_14_0_arm64.whl", hash = "sha256:cd32fbacb9fd1bf041bf8e89e4576b6f00b895f06d00914820ae06a616bdfef7"},
    {file = "numpy-2.4.3-cp314-cp314t-macosx_14_0_x86_64.whl", hash = "sha256:2e03c05abaee1f672e9d67bc858f300b5ccba1c21397211e8d77d98350972093"},
    {file = "numpy-2.4.3-cp314-cp314t-manylinux_2_27_aarch64.manylinux_2_28_aarch64.whl", hash = "sha256:7d1ce23cce91fcea443320a9d0ece9b9305d4368875bab09538f7a5b4131938a"},
    {file = "numpy-2.4.3-cp314-cp314t-manylinux_2_27_x86_64.manylinux_2_28_x86_64.whl", hash = "sha256:c59020932feb24ed49ffd03704fbab89f22aa9c0d4b180ff45542fe8918f5611"},
    {file = "numpy-2.4.3-cp314-cp314t-musllinux_1_2_aarch64.whl", hash = "sha256:9684823a78a6cd6ad7511fc5e25b07947d1d5b5e2812c93fe99d7d4195130720"},
    {file = "numpy-2.4.3-cp314-cp314t-musllinux_1_2_x86_64.whl", hash = "sha256:0200b25c687033316fb39f0ff4e3e690e8957a2c3c8d22499891ec58c37a3eb5"},
    {file = "numpy-2.4.3-cp314-cp314t-win32.whl", hash = "sha256:5e10da9e93247e554bb1d22f8edc51847ddd7dde52d85ce31024c1b4312bfba0"},
    {file = "numpy-2.4.3-cp314-cp314t-win_amd64.whl", hash = "sha256:45f003dbdffb997a03da2d1d0cb41fbd24a87507fb41605c0420a3db5bd4667b"},
    {file = "numpy-2.4.3-cp314-cp314t-win_arm64.whl", hash = "sha256:4d382735cecd7bcf090172489a525cd7d4087bc331f7df9f60ddc9a296cf208e"},
    {file = "numpy-2.4.3.tar.gz", hash = "sha256:483a201202b73495f00dbc83796c6ae63137a9bdade074f7648b3e32613412dd"},
]

[[package]]
name = "packaging"
version = "26.0"
summary = ""
files = [
    {file = "packaging-26.0-py3-none-any.whl", hash = "sha256:b36f1fef9334a5588b4166f8bcd26a14e521f2b55e6b9de3aaa80d3ff7a37529"},
    {file = "packaging-26.0.tar.gz", hash = "sha256:00243ae351a257117b6a241061796684b084ed1c516a08c48a3f7e147a9d80b4"},
]

[[package]]
name = "pluggy"
version = "1.6.0"
summary = ""
files = [
    {file = "pluggy-1.6.0-py3-none-any.whl", hash = "sha256:e920276dd6813095e9377c0bc5566d94c932c33b27a3e3945d8389c374dd4746"},
    {file = "pluggy-1.6.0.tar.gz", hash = "sha256:7dcc130b76258d33b90f61b658791dede3486c3e6bfb003ee5c9bfb396dd22f3"},
]

[[package]]
name = "polars"
version = "1.39.3"
summary = ""
dependencies = [
    "polars-runtime-32",
]
files = [
    {file = "polars-1.39.3-py3-none-any.whl", hash = "sha256:c2b955ccc0a08a2bc9259785decf3d5c007b489b523bf2390cf21cec2bb82a56"},
    {file = "polars-1.39.3.tar.gz", hash = "sha256:2e016c7f3e8d14fa777ef86fe0477cec6c67023a20ba4c94d6e8431eefe4a63c"},
]

[[package]]
name = "polars-runtime-32"
version = "1.39.3"
summary = ""
files = [
    {file = "polars_runtime_32-1.39.3-cp310-abi3-macosx_10_12_x86_64.whl", hash = "sha256:425c0b220b573fa097b4042edff73114cc6d23432a21dfd2dc41adf329d7d2e9"},
    {file = "polars_runtime_32-1.39.3-cp310-abi3-macosx_11_0_arm64.whl", hash = "sha256:ef5884711e3c617d7dc93519a7d038e242f5741cfe5fe9afd32d58845d86c562"},
    {file = "polars_runtime_32-1.39.3-cp310-abi3-manylinux_2_17_aarch64.manylinux2014_aarch64.whl", hash = "sha256:06b47f535eb1f97a9a1e5b0053ef50db3a4276e241178e37bbb1a38b1fa53b14"},
    {file = "polars_runtime_32-1.39.3-cp310-abi3-manylinux_2_17_x86_64.manylinux2014_x86_64.whl", hash = "sha256:8bc9e13dc1d2e828331f2fe8ccbc9757554dc4933a8d3e85e906b988178f95ed"},
    {file = "polars_runtime_32-1.39.3-cp310-abi3-musllinux_1_2_aarch64.whl", hash = "sha256:363d49e3a3e638fc943e2b9887940300a7d06789930855a178a4727949259dc2"},
    {file = "polars_runtime_32-1.39.3-cp310-abi3-musllinux_1_2_x86_64.whl", hash = "sha256:7c206bdcc7bc62ea038d6adea8e44b02f0e675e0191a54c810703b4895208ea4"},
    {file = "polars_runtime_32-1.39.3-cp310-abi3-win_amd64.whl", hash = "sha256:d66ca522517554a883446957539c40dc7b75eb0c2220357fb28bc8940d305339"},
    {file = "polars_runtime_32-1.39.3-cp310-abi3-win_arm64.whl", hash = "sha256:f49f51461de63f13e5dd4eb080421c8f23f856945f3f8bd5b2b1f59da52c2860"},
    {file = "polars_runtime_32-1.39.3.tar.gz", hash = "sha256:c728e4f469cafab501947585f36311b8fb222d3e934c6209e83791e0df20b29d"},
]

[[package]]
name = "pygments"
version = "2.19.2"
summary = ""
files = [
    {file = "pygments-2.19.2-py3-none-any.whl", hash = "sha256:86540386c03d588bb81d44bc3928634ff26449851e99741617ecb9037ee5ec0b"},
    {file = "pygments-2.19.2.tar.gz", hash = "sha256:636cb2477cec7f8952536970bc533bc43743542f70392ae026374600add5b887"},
]

[[package]]
name = "pyproject-hooks"
version = "1.2.0"
summary = ""
files = [
    {file = "pyproject_hooks-1.2.0-py3-none-any.whl", hash = "sha256:9e5c6bfa8dcc30091c74b0cf803c81fdd29d94f01992a7707bc97babb1141913"},
    {file = "pyproject_hooks-1.2.0.tar.gz", hash = "sha256:1e859bd5c40fae9448642dd871adf459e5e2084186e8d2c2a79a824c970da1f8"},
]

[[package]]
name = "pyright"
version = "1.1.408"
summary = ""
dependencies = [
    "nodeenv",
    "typing-extensions",
]
files = [
    {file = "pyright-1.1.408-py3-none-any.whl", hash = "sha256:090b32865f4fdb1e0e6cd82bf5618480d48eecd2eb2e70f960982a3d9a4c17c1"},
    {file = "pyright-1.1.408.tar.gz", hash = "sha256:f28f2321f96852fa50b5829ea492f6adb0e6954568d1caa3f3af3a5f555eb684"},
]

[[package]]
name = "pyteomics"
version = "4.7.5"
summary = ""
files = [
    {file = "pyteomics-4.7.5-py2.py3-none-any.whl", hash = "sha256:9b8008ad8d8bbbc6856c4e804bc88e018df44809cd9a86900862b311e760862d"},
    {file = "pyteomics-4.7.5-py3-none-any.whl", hash = "sha256:5155e1d2581845926e49b0abd0be8cfd6ea45ffd3511958b805347037c5934c8"},
    {file = "pyteomics-4.7.5.tar.gz", hash = "sha256:382aeaa8b921bdd2a7e5b4aa9fe46c6184bb43701205a845b4b861ee3e88f46a"},
]

[[package]]
name = "pytest"
version = "9.0.2"
summary = ""
dependencies = [
    "colorama; sys_platform == \"win32\"",
    "iniconfig",
    "packaging",
    "pluggy",
    "pygments",
]
files = [
    {file = "pytest-9.0.2-py3-none-any.whl", hash = "sha256:711ffd45bf766d5264d487b917733b453d917afd2b0ad65223959f59089f875b"},
    {file = "pytest-9.0.2.tar.gz", hash = "sha256:75186651a92bd89611d1d9fc20f0b4345fd827c41ccd5c299a868a05d70edf11"},
]

[[package]]
name = "rich"
version = "14.3.3"
summary = ""
dependencies = [
    "markdown-it-py",
    "pygments",
]
files = [
    {file = "rich-14.3.3-py3-none-any.whl", hash = "sha256:793431c1f8619afa7d3b52b2cdec859562b950ea0d4b6b505397612db8d5362d"},
    {file = "rich-14.3.3.tar.gz", hash = "sha256:b8daa0b9e4eef54dd8cf7c86c03713f53241884e814f4e2f5fb342fe520f639b"},
]

[[package]]
name = "rich-argparse"
version = "1.7.2"
summary = ""
dependencies = [
    "rich",
]
files = [
    {file = "rich_argparse-1.7.2-py3-none-any.whl", hash = "sha256:0559b1f47a19bbeb82bf15f95a057f99bcbbc98385532f57937f9fc57acc501a"},
    {file = "rich_argparse-1.7.2.tar.gz", hash = "sha256:64fd2e948fc96e8a1a06e0e72c111c2ce7f3af74126d75c0f5f63926e7289cd1"},
]

[[package]]
name = "ruff"
version = "0.15.8"
summary = ""
files = [
    {file = "ruff-0.15.8-py3-none-linux_armv6l.whl", hash = "sha256:cbe05adeba76d58162762d6b239c9056f1a15a55bd4b346cfd21e26cd6ad7bc7"},
    {file = "ruff-0.15.8-py3-none-macosx_10_12_x86_64.whl", hash = "sha256:d3e3d0b6ba8dca1b7ef9ab80a28e840a20070c4b62e56d675c24f366ef330570"},
    {file = "ruff-0.15.8-py3-none-macosx_11_0_arm64.whl", hash = "sha256:6ee3ae5c65a42f273f126686353f2e08ff29927b7b7e203b711514370d500de3"},
    {file = "ruff-0.15.8-py3-none-manylinux_2_17_aarch64.manylinux2014_aarch64.whl", hash = "sha256:fdce027ada77baa448077ccc6ebb2fa9c3c62fd110d8659d601cf2f475858d94"},
    {file = "ruff-0.15.8-py3-none-manylinux_2_17_armv7l.manylinux2014_armv7l.whl", hash = "sha256:12e617fc01a95e5821648a6df341d80456bd627bfab8a829f7cfc26a14a4b4a3"},
    {file = "ruff-0.15.8-py3-none-manylinux_2_17_i686.manylinux2014_i686.whl", hash = "sha256:432701303b26416d22ba696c39f2c6f12499b89093b61360abc34bcc9bf07762"},
    {file = "ruff-0.15.8-py3-none-manylinux_2_17_ppc64le.manylinux2014_ppc64le.whl", hash = "sha256:d910ae974b7a06a33a057cb87d2a10792a3b2b3b35e33d2699fdf63ec8f6b17a"},
    {file = "ruff-0.15.8-py3-none-manylinux_2_17_s390x.manylinux2014_s390x.whl", hash = "sha256:2033f963c43949d51e6fdccd3946633c6b37c484f5f98c3035f49c27395a8ab8"},
    {file = "ruff-0.15.8-py3-none-manylinux_2_17_x86_64.manylinux2014_x86_64.whl", hash = "sha256:0f29b989a55572fb885b77464cf24af05500806ab4edf9a0fd8977f9759d85b1"},
    {file = "ruff-0.15.8-py3-none-manylinux_2_31_riscv64.whl", hash = "sha256:ac51d486bf457cdc985a412fb1801b2dfd1bd8838372fc55de64b1510eff4bec"},
    {file = "ruff-0.15.8-py3-none-musllinux_1_2_aarch64.whl", hash = "sha256:c9861eb959edab053c10ad62c278835ee69ca527b6dcd72b47d5c1e5648964f6"},
    {file = "ruff-0.15.8-py3-none-musllinux_1_2_armv7l.whl", hash = "sha256:8d9a5b8ea13f26ae90838afc33f91b547e61b794865374f114f349e9036835fb"},
    {file = "ruff-0.15.8-py3-none-musllinux_1_2_i686.whl", hash = "sha256:c2a33a529fb3cbc23a7124b5c6ff121e4d6228029cba374777bd7649cc8598b8"},
    {file = "ruff-0.15.8-py3-none-musllinux_1_2_x86_64.whl", hash = "sha256:75e5cd06b1cf3f47a3996cfc999226b19aa92e7cce682dcd62f80d7035f98f49"},
    {file = "ruff-0.15.8-py3-none-win32.whl", hash = "sha256:bc1f0a51254ba21767bfa9a8b5013ca8149dcf38092e6a9eb704d876de94dc34"},
    {file = "ruff-0.15.8-py3-none-win_amd64.whl", hash = "sha256:04f79eff02a72db209d47d665ba7ebcad609d8918a134f86cb13dd132159fc89"},
    {file = "ruff-0.15.8-py3-none-win_arm64.whl", hash = "sha256:cf891fa8e3bb430c0e7fac93851a5978fc99c8fa2c053b57b118972866f8e5f2"},
    {file = "ruff-0.15.8.tar.gz", hash = "sha256:995f11f63597ee362130d1d5a327a87cb6f3f5eae3094c620bcc632329a4d26e"},
]

[[package]]
name = "scipy"
version = "1.17.1"
summary = ""
dependencies = [
    "numpy",
]
files = [
    {file = "scipy-1.17.1-cp313-cp313-macosx_10_14_x86_64.whl", hash = "sha256:5e3c5c011904115f88a39308379c17f91546f77c1667cea98739fe0fccea804c"},
    {file = "scipy-1.17.1-cp313-cp313-macosx_12_0_arm64.whl", hash = "sha256:6fac755ca3d2c3edcb22f479fceaa241704111414831ddd3bc6056e18516892f"},
    {file = "scipy-1.17.1-cp313-cp313-macosx_14_0_arm64.whl", hash = "sha256:7ff200bf9d24f2e4d5dc6ee8c3ac64d739d3a89e2326ba68aaf6c4a2b838fd7d"},
    {file = "scipy-1.17.1-cp313-cp313-macosx_14_0_x86_64.whl", hash = "sha256:4b400bdc6f79fa02a4d86640310dde87a21fba0c979efff5248908c6f15fad1b"},
    {file = "scipy-1.17.1-cp313-cp313-manylinux_2_27_aarch64.manylinux_2_28_aarch64.whl", hash = "sha256:2b64ca7d4aee0102a97f3ba22124052b4bd2152522355073580bf4845e2550b6"},
    {file = "scipy-1.17.1-cp313-cp313-manylinux_2_27_x86_64.manylinux_2_28_x86_64.whl", hash = "sha256:581b2264fc0aa555f3f435a5944da7504ea3a065d7029ad60e7c3d1ae09c5464"},
    {file = "scipy-1.17.1-cp313-cp313-musllinux_1_2_aarch64.whl", hash = "sha256:beeda3d4ae615106d7094f7e7cef6218392e4465cc95d25f900bebabfded0950"},
    {file = "scipy-1.17.1-cp313-cp313-musllinux_1_2_x86_64.whl", hash = "sha256:6609bc224e9568f65064cfa72edc0f24ee6655b47575954ec6339534b2798369"},
    {file = "scipy-1.17.1-cp313-cp313-win_amd64.whl", hash = "sha256:37425bc9175607b0268f493d79a292c39f9d001a357bebb6b88fdfaff13f6448"},
    {file = "scipy-1.17.1-cp313-cp313-win_arm64.whl", hash = "sha256:5cf36e801231b6a2059bf354720274b7558746f3b1a4efb43fcf557ccd484a87"},
    {file = "scipy-1.17.1-cp313-cp313t-macosx_10_14_x86_64.whl", hash = "sha256:d59c30000a16d8edc7e64152e30220bfbd724c9bbb08368c054e24c651314f0a"},
    {file = "scipy-1.17.1-cp313-cp313t-macosx_12_0_arm64.whl", hash = "sha256:010f4333c96c9bb1a4516269e33cb5917b08ef2166d5556ca2fd9f082a9e6ea0"},
    {file = "scipy-1.17.1-cp313-cp313t-macosx_14_0_arm64.whl", hash = "sha256:2ceb2d3e01c5f1d83c4189737a42d9cb2fc38a6eeed225e7515eef71ad301dce"},
    {file = "scipy-1.17.1-cp313-cp313t-macosx_14_0_x86_64.whl", hash = "sha256:844e165636711ef41f80b4103ed234181646b98a53c8f05da12ca5ca289134f6"},
    {file = "scipy-1.17.1-cp313-cp313t-manylinux_2_27_aarch64.manylinux_2_28_aarch64.whl", hash = "sha256:158dd96d2207e21c966063e1635b1063cd7787b627b6f07305315dd73d9c679e"},
    {file = "scipy-1.17.1-cp313-cp313t-manylinux_2_27_x86_64.manylinux_2_28_x86_64.whl", hash = "sha256:74cbb80d93260fe2ffa334efa24cb8f2f0f622a9b9febf8b483c0b865bfb3475"},
    {file = "scipy-1.17.1-cp313-cp313t-musllinux_1_2_aarch64.whl", hash = "sha256:dbc12c9f3d185f5c737d801da555fb74b3dcfa1a50b66a1a93e09190f41fab50"},
    {file = "scipy-1.17.1-cp313-cp313t-musllinux_1_2_x86_64.whl", hash = "sha256:94055a11dfebe37c656e70317e1996dc197e1a15bbcc351bcdd4610e128fe1ca"},
    {file = "scipy-1.17.1-cp313-cp313t-win_amd64.whl", hash = "sha256:e30bdeaa5deed6bc27b4cc490823cd0347d7dae09119b8803ae576ea0ce52e4c"},
    {file = "scipy-1.17.1-cp313-cp313t-win_arm64.whl", hash = "sha256:a720477885a9d2411f94a93d16f9d89bad0f28ca23c3f8daa521e2dcc3f44d49"},
    {file = "scipy-1.17.1-cp314-cp314-macosx_10_14_x86_64.whl", hash = "sha256:a48a72c77a310327f6a3a920092fa2b8fd03d7deaa60f093038f22d98e096717"},
    {file = "scipy-1.17.1-cp314-cp314-macosx_12_0_arm64.whl", hash = "sha256:45abad819184f07240d8a696117a7aacd39787af9e0b719d00285549ed19a1e9"},
    {file = "scipy-1.17.1-cp314-cp314-macosx_14_0_arm64.whl", hash = "sha256:3fd1fcdab3ea951b610dc4cef356d416d5802991e7e32b5254828d342f7b7e0b"},
    {file = "scipy-1.17.1-cp314-cp314-macosx_14_0_x86_64.whl", hash = "sha256:7bdf2da170b67fdf10bca777614b1c7d96ae3ca5794fd9587dce41eb2966e866"},
    {file = "scipy-1.17.1-cp314-cp314-manylinux_2_27_aarch64.manylinux_2_28_aarch64.whl", hash = "sha256:adb2642e060a6549c343603a3851ba76ef0b74cc8c079a9a58121c7ec9fe2350"},
    {file = "scipy-1.17.1-cp314-cp314-manylinux_2_27_x86_64.manylinux_2_28_x86_64.whl", hash = "sha256:eee2cfda04c00a857206a4330f0c5e3e56535494e30ca445eb19ec624ae75118"},
    {file = "scipy-1.17.1-cp314-cp314-musllinux_1_2_aarch64.whl", hash = "sha256:d2650c1fb97e184d12d8ba010493ee7b322864f7d3d00d3f9bb97d9c21de4068"},
    {file = "scipy-1.17.1-cp314-cp314-musllinux_1_2_x86_64.whl", hash = "sha256:08b900519463543aa604a06bec02461558a6e1cef8fdbb8098f77a48a83c8118"},
    {file = "scipy-1.17.1-cp314-cp314-win_amd64.whl", hash = "sha256:3877ac408e14da24a6196de0ddcace62092bfc12a83823e92e49e40747e52c19"},
    {file = "scipy-1.17.1-cp314-cp314-win_arm64.whl", hash = "sha256:f8885db0bc2bffa59d5c1b72fad7a6a92d3e80e7257f967dd81abb553a90d293"},
    {file = "scipy-1.17.1-cp314-cp314t-macosx_10_14_x86_64.whl", hash = "sha256:1cc682cea2ae55524432f3cdff9e9a3be743d52a7443d0cba9017c23c87ae2f6"},
    {file = "scipy-1.17.1-cp314-cp314t-macosx_12_0_arm64.whl", hash = "sha256:2040ad4d1795a0ae89bfc7e8429677f365d45aa9fd5e4587cf1ea737f927b4a1"},
    {file = "scipy-1.17.1-cp314-cp314t-macosx_14_0_arm64.whl", hash = "sha256:131f5aaea57602008f9822e2115029b55d4b5f7c070287699fe45c661d051e39"},
    {file = "scipy-1.17.1-cp314-cp314t-macosx_14_0_x86_64.whl", hash = "sha256:9cdc1a2fcfd5c52cfb3045feb399f7b3ce822abdde3a193a6b9a60b3cb5854ca"},
    {file = "scipy-1.17.1-cp314-cp314t-manylinux_2_27_aarch64.manylinux_2_28_aarch64.whl", hash = "sha256:6e3dcd57ab780c741fde8dc68619de988b966db759a3c3152e8e9142c26295ad"},
    {file = "scipy-1.17.1-cp314-cp314t-manylinux_2_27_x86_64.manylinux_2_28_x86_64.whl", hash = "sha256:a9956e4d4f4a301ebf6cde39850333a6b6110799d470dbbb1e25326ac447f52a"},
    {file = "scipy-1.17.1-cp314-cp314t-musllinux_1_2_aarch64.whl", hash = "sha256:a4328d245944d09fd639771de275701ccadf5f781ba0ff092ad141e017eccda4"},
    {file = "scipy-1.17.1-cp314-cp314t-musllinux_1_2_x86_64.whl", hash = "sha256:a77cbd07b940d326d39a1d1b37817e2ee4d79cb30e7338f3d0cddffae70fcaa2"},
    {file = "scipy-1.17.1-cp314-cp314t-win_amd64.whl", hash = "sha256:eb092099205ef62cd1782b006658db09e2fed75bffcae7cc0d44052d8aa0f484"},
    {file = "scipy-1.17.1-cp314-cp314t-win_arm64.whl", hash = "sha256:200e1050faffacc162be6a486a984a0497866ec54149a01270adc8a59b7c7d21"},
    {file = "scipy-1.17.1.tar.gz", hash = "sha256:95d8e012d8cb8816c226aef832200b1d45109ed4464303e997c5b13122b297c0"},
]

[[package]]
name = "typing-extensions"
version = "4.15.0"
summary = ""
files = [
    {file = "typing_extensions-4.15.0-py3-none-any.whl", hash = "sha256:f0fa19c6845758ab08074a0cfa8b7aecb71c999ca73d62883bc25cc018c4e548"},
    {file = "typing_extensions-4.15.0.tar.gz", hash = "sha256:0cea48d173cc12fa28ecabc3b837ea3cf6f38c6d1136f85cbaaf598984861466"},
]

[[package]]
name = "uv"
version = "0.11.2"
summary = ""
files = [
    {file = "uv-0.11.2-py3-none-linux_armv6l.whl", hash = "sha256:f27ca998085eb8dc095ff9d7568aa08d9ce7c0d2b74bd525da5cd2e5b7367b71"},
    {file = "uv-0.11.2-py3-none-macosx_10_12_x86_64.whl", hash = "sha256:00054a0041c25b3ec3d0f4f6221d3cbfda32e70f7d1c60bee36f1a9736f47b68"},
    {file = "uv-0.11.2-py3-none-macosx_11_0_arm64.whl", hash = "sha256:89972042233c90adf8b8150ec164444a4df41938739e5736773ac00870840887"},
    {file = "uv-0.11.2-py3-none-manylinux_2_17_aarch64.manylinux2014_aarch64.musllinux_1_1_aarch64.whl", hash = "sha256:e1f98621b3ffd5dd40bec12bd716e67aec552a7978c7753b709206d7a0e4f93f"},
    {file = "uv-0.11.2-py3-none-manylinux_2_17_armv7l.manylinux2014_armv7l.musllinux_1_1_armv7l.whl", hash = "sha256:66925ceb0e76826b5280937a93e31f0b093c9edfafbb52db7936595b1ef205b8"},
    {file = "uv-0.11.2-py3-none-manylinux_2_17_armv7l.manylinux2014_armv7l.whl", hash = "sha256:a10911b6a555d31beb835653cedc0bc491b656e964d30be8eb9186f1fe0ef88c"},
    {file = "uv-0.11.2-py3-none-manylinux_2_17_i686.manylinux2014_i686.whl", hash = "sha256:2b8fa0a2ddc69c9ed373d72144b950ac2af81e3d95047c2d02564a8a03be538c"},
    {file = "uv-0.11.2-py3-none-manylinux_2_17_ppc64le.manylinux2014_ppc64le.whl", hash = "sha256:fbbd6e6e682b7f0bbdfff3348e580ea0fa58a07741e54cc8641b919bdf6f9128"},
    {file = "uv-0.11.2-py3-none-manylinux_2_17_s390x.manylinux2014_s390x.whl", hash = "sha256:8f9f3ac825561edec6494588d6aed7d3f4a08618b167eb256b4a9027b13304a6"},
    {file = "uv-0.11.2-py3-none-manylinux_2_17_x86_64.manylinux2014_x86_64.whl", hash = "sha256:be4bb136bbc8840ede58663e8ba5a9bbf3b5376f7f933f915df28d4078bb9095"},
    {file = "uv-0.11.2-py3-none-manylinux_2_28_aarch64.whl", hash = "sha256:fea7efc97f9fcfb345e588c71fa56250c0db8c2bfd8d4e2cd4d21e1308c4e6ac"},
    {file = "uv-0.11.2-py3-none-manylinux_2_31_riscv64.musllinux_1_1_riscv64.whl", hash = "sha256:b5529572ea7150311f5a17b5d09ef19781c2484932e14eed44a0c038f93ef722"},
    {file = "uv-0.11.2-py3-none-manylinux_2_31_riscv64.whl", hash = "sha256:0919096889e26d0edcbc731e95c4a4d1f47ef881fb46970cbf0800bf17d4840e"},
    {file = "uv-0.11.2-py3-none-musllinux_1_1_i686.whl", hash = "sha256:7a05747eecca4534c284dbab213526468092317e8f6aec7a6c9f89ce3d1248d3"},
    {file = "uv-0.11.2-py3-none-musllinux_1_1_x86_64.whl", hash = "sha256:00cbf1829e158b053b0bdc675d9f9c13700b29be90a9bad966cc9b586c01265b"},
    {file = "uv-0.11.2-py3-none-win32.whl", hash = "sha256:a1b8a39b17cf9e3183a35a44dffa103c91c412f003569a210883ffb537c2c65d"},
    {file = "uv-0.11.2-py3-none-win_amd64.whl", hash = "sha256:d4dbcecf6daca8605f46fba232f49e9b49d06ebe3b9cba5e59e608c5be03890e"},
    {file = "uv-0.11.2-py3-none-win_arm64.whl", hash = "sha256:e5b8570e88af5073ce5aa5df4866484e69035a6e66caab8a5c51a988a989a467"},
    {file = "uv-0.11.2.tar.gz", hash = "sha256:ef226af1d814466df45dc8a746c5220a951643d0832296a00c30ac3db95a3a4c"},
]

[[package]]
name = "win32-setctime"
version = "1.2.0"
summary = ""
files = [
    {file = "win32_setctime-1.2.0-py3-none-any.whl", hash = "sha256:95d644c4e708aba81dc3704a116d8cbc974d70b3bdb8be1d150e36be6e9d1390"},
    {file = "win32_setctime-1.2.0.tar.gz", hash = "sha256:ae1fdf948f5640aae05c511ade119313fb6a30d7eabe25fef9764dca5873c4c0"},
]

[[package]]
name = "xlsxwriter"
version = "3.2.9"
summary = ""
files = [
    {file = "xlsxwriter-3.2.9-py3-none-any.whl", hash = "sha256:9a5db42bc5dff014806c58a20b9eae7322a134abb6fce3c92c181bfb275ec5b3"},
    {file = "xlsxwriter-3.2.9.tar.gz", hash = "sha256:254b1c37a368c444eac6e2f867405cc9e461b0ed97a3233b2ac1e574efb4140c"},
]
